PODS:
  - ACLibSwift/ACTabbarController (0.2.0)
  - ACLibSwift/QRCode (0.2.0)
  - Alamofire (4.5.0)
  - SnapKit (3.2.0)
  - SQLite.swift (0.11.3):
    - SQLite.swift/standard (= 0.11.3)
  - SQLite.swift/standard (0.11.3)

DEPENDENCIES:
  - ACLibSwift/ACTabbarController (from `https://github.com/aaronchanlover/ACLibSwift.git`, tag `0.2.0`)
  - ACLibSwift/QRCode (from `https://github.com/aaronchanlover/ACLibSwift.git`, tag `0.2.0`)
  - Alamofire (~> 4.5.0)
  - SnapKit (from `https://github.com/SnapKit/SnapKit.git`, branch `swift-4`)
  - SQLite.swift (from `https://github.com/stephencelis/SQLite.swift.git`, branch `swift-4`)

EXTERNAL SOURCES:
  ACLibSwift:
    :git: https://github.com/aaronchanlover/ACLibSwift.git
    :tag: 0.2.0
  SnapKit:
    :branch: swift-4
    :git: https://github.com/SnapKit/SnapKit.git
  SQLite.swift:
    :branch: swift-4
    :git: https://github.com/stephencelis/SQLite.swift.git

CHECKOUT OPTIONS:
  ACLibSwift:
    :git: https://github.com/aaronchanlover/ACLibSwift.git
    :tag: 0.2.0
  SnapKit:
    :commit: d31148f449abe819fd1a58d5e07e94874c7e6003
    :git: https://github.com/SnapKit/SnapKit.git
  SQLite.swift:
    :commit: 6463eb13c021cba6de2ed4e8a76a5c03301de200
    :git: https://github.com/stephencelis/SQLite.swift.git

SPEC CHECKSUMS:
  ACLibSwift: 98106c52b5704679a24b247de24c0194a61143a0
  Alamofire: f28cdffd29de33a7bfa022cbd63ae95a27fae140
  SnapKit: c71c530b73cedd2a8b998098687001baff265086
  SQLite.swift: f5e183af7f267169a3e71cefc7c0a72e687c52a7

PODFILE CHECKSUM: 3d8c676ee6a6792414b35ac4bf7718cc536ce115

COCOAPODS: 1.3.1
